
Microsoft Visual Studio Solution File, Format Version 12.00
# Visual Studio 2013
VisualStudioVersion = 12.0.31101.0
MinimumVisualStudioVersion = 10.0.40219.1
Project("{FAE04EC0-301F-11D3-BF4B-00C04F79EFBC}") = "MVC App", "MVC App\MVC App.csproj", "{95477F48-219F-49DC-826E-BC093136C9C7}"
EndProject
Project("{FAE04EC0-301F-11D3-BF4B-00C04F79EFBC}") = "MVC App.Tests", "MVC App.Tests\MVC App.Tests.csproj", "{DA4D641D-03B0-4C49-AA73-2F028D4B2814}"
EndProject
Global
	GlobalSection(SolutionConfigurationPlatforms) = preSolution
		Debug|Any CPU = Debug|Any CPU
		Release|Any CPU = Release|Any CPU
	EndGlobalSection
	GlobalSection(ProjectConfigurationPlatforms) = postSolution
		{95477F48-219F-49DC-826E-BC093136C9C7}.Debug|Any CPU.ActiveCfg = Debug|Any CPU
		{95477F48-219F-49DC-826E-BC093136C9C7}.Debug|Any CPU.Build.0 = Debug|Any CPU
		{95477F48-219F-49DC-826E-BC093136C9C7}.Release|Any CPU.ActiveCfg = Release|Any CPU
		{95477F48-219F-49DC-826E-BC093136C9C7}.Release|Any CPU.Build.0 = Release|Any CPU
		{DA4D641D-03B0-4C49-AA73-2F028D4B2814}.Debug|Any CPU.ActiveCfg = Debug|Any CPU
		{DA4D641D-03B0-4C49-AA73-2F028D4B2814}.Debug|Any CPU.Build.0 = Debug|Any CPU
		{DA4D641D-03B0-4C49-AA73-2F028D4B2814}.Release|Any CPU.ActiveCfg = Release|Any CPU
		{DA4D641D-03B0-4C49-AA73-2F028D4B2814}.Release|Any CPU.Build.0 = Release|Any CPU
	EndGlobalSection
	GlobalSection(SolutionProperties) = preSolution
		HideSolutionNode = FALSE
	EndGlobalSection
EndGlobal
